
Microsoft Visual Studio Solution File, Format Version 12.00
# Visual Studio Version 17
VisualStudioVersion = 17.13.35931.197 d17.13
MinimumVisualStudioVersion = 10.0.40219.1
Project("{8BC9CEB8-8B4A-11D0-8D11-00A0C91BC942}") = "DynArr", "DynArr\DynArr.vcxproj", "{902F4B4A-C843-4E84-B779-9813805C2AA2}"
EndProject
Global
	GlobalSection(SolutionConfigurationPlatforms) = preSolution
		Debug|x64 = Debug|x64
		Debug|x86 = Debug|x86
		Release|x64 = Release|x64
		Release|x86 = Release|x86
	EndGlobalSection
	GlobalSection(ProjectConfigurationPlatforms) = postSolution
		{902F4B4A-C843-4E84-B779-9813805C2AA2}.Debug|x64.ActiveCfg = Debug|x64
		{902F4B4A-C843-4E84-B779-9813805C2AA2}.Debug|x64.Build.0 = Debug|x64
		{902F4B4A-C843-4E84-B779-9813805C2AA2}.Debug|x86.ActiveCfg = Debug|Win32
		{902F4B4A-C843-4E84-B779-9813805C2AA2}.Debug|x86.Build.0 = Debug|Win32
		{902F4B4A-C843-4E84-B779-9813805C2AA2}.Release|x64.ActiveCfg = Release|x64
		{902F4B4A-C843-4E84-B779-9813805C2AA2}.Release|x64.Build.0 = Release|x64
		{902F4B4A-C843-4E84-B779-9813805C2AA2}.Release|x86.ActiveCfg = Release|Win32
		{902F4B4A-C843-4E84-B779-9813805C2AA2}.Release|x86.Build.0 = Release|Win32
	EndGlobalSection
	GlobalSection(SolutionProperties) = preSolution
		HideSolutionNode = FALSE
	EndGlobalSection
	GlobalSection(ExtensibilityGlobals) = postSolution
		SolutionGuid = {6E89664B-A49B-4877-980D-8E9E58810E78}
	EndGlobalSection
EndGlobal
